
Microsoft Visual Studio Solution File, Format Version 12.00
# Visual Studio 2012
Project("{FAE04EC0-301F-11D3-BF4B-00C04F79EFBC}") = "gamemunu", "gamemunu\gamemunu.csproj", "{2C14A964-2C62-4C02-A73C-2EFB41ECD100}"
EndProject
Global
	GlobalSection(SolutionConfigurationPlatforms) = preSolution
		Debug|x86 = Debug|x86
		Release|x86 = Release|x86
	EndGlobalSection
	GlobalSection(ProjectConfigurationPlatforms) = postSolution
		{2C14A964-2C62-4C02-A73C-2EFB41ECD100}.Debug|x86.ActiveCfg = Debug|x86
		{2C14A964-2C62-4C02-A73C-2EFB41ECD100}.Debug|x86.Build.0 = Debug|x86
		{2C14A964-2C62-4C02-A73C-2EFB41ECD100}.Release|x86.ActiveCfg = Release|x86
		{2C14A964-2C62-4C02-A73C-2EFB41ECD100}.Release|x86.Build.0 = Release|x86
	EndGlobalSection
EndGlobal
